
Microsoft Visual Studio Solution File, Format Version 12.00
# Visual Studio Version 16
VisualStudioVersion = 16.0.30523.141
MinimumVisualStudioVersion = 10.0.40219.1
Project("{9A19103F-16F7-4668-BE54-9A1E7A4F7556}") = "IdStore.NetCore.Domain", "IdStore.NetCore.Domain\IdStore.NetCore.Domain.csproj", "{FDC1172E-0A95-4A8C-A1AC-22BA8572B408}"
EndProject
Project("{9A19103F-16F7-4668-BE54-9A1E7A4F7556}") = "IdStore.NetCore.API", "IdStore.NetCore.API\IdStore.NetCore.API.csproj", "{8E725A74-6B69-4FEA-940F-E615C3A4C4ED}"
EndProject
Project("{FAE04EC0-301F-11D3-BF4B-00C04F79EFBC}") = "IdStore.NetCore.Application", "IdStore.NetCore.Application\IdStore.NetCore.Application.csproj", "{1F0B661B-E8BE-4D46-B4BB-EB69E1D6181D}"
EndProject
Project("{FAE04EC0-301F-11D3-BF4B-00C04F79EFBC}") = "IdStore.NetCore.Infrastructure", "IdStore.NetCore.Infrastructure\IdStore.NetCore.Infrastructure.csproj", "{983C22F7-C649-4152-9170-A68EE09E47FA}"
EndProject
Global
	GlobalSection(SolutionConfigurationPlatforms) = preSolution
		Debug|Any CPU = Debug|Any CPU
		Release|Any CPU = Release|Any CPU
	EndGlobalSection
	GlobalSection(ProjectConfigurationPlatforms) = postSolution
		{FDC1172E-0A95-4A8C-A1AC-22BA8572B408}.Debug|Any CPU.ActiveCfg = Debug|Any CPU
		{FDC1172E-0A95-4A8C-A1AC-22BA8572B408}.Debug|Any CPU.Build.0 = Debug|Any CPU
		{FDC1172E-0A95-4A8C-A1AC-22BA8572B408}.Release|Any CPU.ActiveCfg = Release|Any CPU
		{FDC1172E-0A95-4A8C-A1AC-22BA8572B408}.Release|Any CPU.Build.0 = Release|Any CPU
		{8E725A74-6B69-4FEA-940F-E615C3A4C4ED}.Debug|Any CPU.ActiveCfg = Debug|Any CPU
		{8E725A74-6B69-4FEA-940F-E615C3A4C4ED}.Debug|Any CPU.Build.0 = Debug|Any CPU
		{8E725A74-6B69-4FEA-940F-E615C3A4C4ED}.Release|Any CPU.ActiveCfg = Release|Any CPU
		{8E725A74-6B69-4FEA-940F-E615C3A4C4ED}.Release|Any CPU.Build.0 = Release|Any CPU
		{1F0B661B-E8BE-4D46-B4BB-EB69E1D6181D}.Debug|Any CPU.ActiveCfg = Debug|Any CPU
		{1F0B661B-E8BE-4D46-B4BB-EB69E1D6181D}.Debug|Any CPU.Build.0 = Debug|Any CPU
		{1F0B661B-E8BE-4D46-B4BB-EB69E1D6181D}.Release|Any CPU.ActiveCfg = Release|Any CPU
		{1F0B661B-E8BE-4D46-B4BB-EB69E1D6181D}.Release|Any CPU.Build.0 = Release|Any CPU
		{983C22F7-C649-4152-9170-A68EE09E47FA}.Debug|Any CPU.ActiveCfg = Debug|Any CPU
		{983C22F7-C649-4152-9170-A68EE09E47FA}.Debug|Any CPU.Build.0 = Debug|Any CPU
		{983C22F7-C649-4152-9170-A68EE09E47FA}.Release|Any CPU.ActiveCfg = Release|Any CPU
		{983C22F7-C649-4152-9170-A68EE09E47FA}.Release|Any CPU.Build.0 = Release|Any CPU
	EndGlobalSection
	GlobalSection(SolutionProperties) = preSolution
		HideSolutionNode = FALSE
	EndGlobalSection
	GlobalSection(ExtensibilityGlobals) = postSolution
		SolutionGuid = {7EC6D4D7-6A57-4135-9C28-D7458E3CA537}
	EndGlobalSection
EndGlobal
